
Microsoft Visual Studio Solution File, Format Version 12.00
# Visual Studio Version 16
VisualStudioVersion = 16.0.31321.278
MinimumVisualStudioVersion = 10.0.40219.1
Project("{FAE04EC0-301F-11D3-BF4B-00C04F79EFBC}") = "ProjManagementApi", "ProjManagementApi\ProjManagementApi.csproj", "{A0B7A63C-A808-4B52-831A-56D4BB116EE7}"
EndProject
Global
	GlobalSection(SolutionConfigurationPlatforms) = preSolution
		Debug|Any CPU = Debug|Any CPU
		Release|Any CPU = Release|Any CPU
	EndGlobalSection
	GlobalSection(ProjectConfigurationPlatforms) = postSolution
		{A0B7A63C-A808-4B52-831A-56D4BB116EE7}.Debug|Any CPU.ActiveCfg = Debug|Any CPU
		{A0B7A63C-A808-4B52-831A-56D4BB116EE7}.Debug|Any CPU.Build.0 = Debug|Any CPU
		{A0B7A63C-A808-4B52-831A-56D4BB116EE7}.Release|Any CPU.ActiveCfg = Release|Any CPU
		{A0B7A63C-A808-4B52-831A-56D4BB116EE7}.Release|Any CPU.Build.0 = Release|Any CPU
	EndGlobalSection
	GlobalSection(SolutionProperties) = preSolution
		HideSolutionNode = FALSE
	EndGlobalSection
	GlobalSection(ExtensibilityGlobals) = postSolution
		SolutionGuid = {29530B82-B8A3-4E57-99DC-1068FA26B2C2}
	EndGlobalSection
EndGlobal
